// !$*UTF8*$!
{
	archiveVersion = 1;
	classes = {
	};
	objectVersion = 56;
	objects = {

/* Begin PBXBuildFile section */
		60BA70352C199DE40040CEE5 /* NetworkingService.swift in Sources */ = {isa = PBXBuildFile; fileRef = 60BA70342C199DE40040CEE5 /* NetworkingService.swift */; };
		60BA70372C19A16B0040CEE5 /* WeatherAppViewModel.swift in Sources */ = {isa = PBXBuildFile; fileRef = 60BA70362C19A16B0040CEE5 /* WeatherAppViewModel.swift */; };
		60BA703A2C19A42A0040CEE5 /* TimeFormat.swift in Sources */ = {isa = PBXBuildFile; fileRef = 60BA70392C19A42A0040CEE5 /* TimeFormat.swift */; };
		A9BDE4442C18CFF7009615D6 /* WeatherAppApp.swift in Sources */ = {isa = PBXBuildFile; fileRef = A9BDE4432C18CFF7009615D6 /* WeatherAppApp.swift */; };
		A9BDE4462C18CFF7009615D6 /* ContentView.swift in Sources */ = {isa = PBXBuildFile; fileRef = A9BDE4452C18CFF7009615D6 /* ContentView.swift */; };
		A9BDE4482C18CFFA009615D6 /* Assets.xcassets in Resources */ = {isa = PBXBuildFile; fileRef = A9BDE4472C18CFFA009615D6 /* Assets.xcassets */; };
		A9BDE44B2C18CFFA009615D6 /* Preview Assets.xcassets in Resources */ = {isa = PBXBuildFile; fileRef = A9BDE44A2C18CFFA009615D6 /* Preview Assets.xcassets */; };
		A9BDE4552C18D0AF009615D6 /* PrecipitationsView.swift in Sources */ = {isa = PBXBuildFile; fileRef = A9BDE4542C18D0AF009615D6 /* PrecipitationsView.swift */; };
		A9BDE4572C18D14F009615D6 /* TodayView.swift in Sources */ = {isa = PBXBuildFile; fileRef = A9BDE4562C18D14F009615D6 /* TodayView.swift */; };
		A9BDE4592C18D16C009615D6 /* WeekView.swift in Sources */ = {isa = PBXBuildFile; fileRef = A9BDE4582C18D16C009615D6 /* WeekView.swift */; };
		A9BDE45B2C18D1C9009615D6 /* SearchLocationView.swift in Sources */ = {isa = PBXBuildFile; fileRef = A9BDE45A2C18D1C9009615D6 /* SearchLocationView.swift */; };
		A9BDE45D2C18D215009615D6 /* MainViewModel.swift in Sources */ = {isa = PBXBuildFile; fileRef = A9BDE45C2C18D215009615D6 /* MainViewModel.swift */; };
		A9BDE4612C18D269009615D6 /* SearchLocationsViewModel.swift in Sources */ = {isa = PBXBuildFile; fileRef = A9BDE4602C18D269009615D6 /* SearchLocationsViewModel.swift */; };
		A9BDE4632C18D284009615D6 /* Weather.swift in Sources */ = {isa = PBXBuildFile; fileRef = A9BDE4622C18D284009615D6 /* Weather.swift */; };
		A9BDE4652C18D2B4009615D6 /* LocationCard.swift in Sources */ = {isa = PBXBuildFile; fileRef = A9BDE4642C18D2B4009615D6 /* LocationCard.swift */; };
		A9BDE4672C18D2D9009615D6 /* LocationPickerView.swift in Sources */ = {isa = PBXBuildFile; fileRef = A9BDE4662C18D2D9009615D6 /* LocationPickerView.swift */; };
		A9BDE46A2C18D83F009615D6 /* SearchLocation.swift in Sources */ = {isa = PBXBuildFile; fileRef = A9BDE4692C18D83F009615D6 /* SearchLocation.swift */; };
		A9BDE46D2C18DCFE009615D6 /* SunnyBackground.swift in Sources */ = {isa = PBXBuildFile; fileRef = A9BDE46C2C18DCFE009615D6 /* SunnyBackground.swift */; };
		A9BDE46F2C18DD0B009615D6 /* CloudyBackground.swift in Sources */ = {isa = PBXBuildFile; fileRef = A9BDE46E2C18DD0B009615D6 /* CloudyBackground.swift */; };
		A9BDE4712C18DD2B009615D6 /* RainyBackground.swift in Sources */ = {isa = PBXBuildFile; fileRef = A9BDE4702C18DD2B009615D6 /* RainyBackground.swift */; };
		A9BDE4732C18DD39009615D6 /* SnowyBackground.swift in Sources */ = {isa = PBXBuildFile; fileRef = A9BDE4722C18DD39009615D6 /* SnowyBackground.swift */; };
/* End PBXBuildFile section */

/* Begin PBXFileReference section */
		60BA70342C199DE40040CEE5 /* NetworkingService.swift */ = {isa = PBXFileReference; lastKnownFileType = sourcecode.swift; path = NetworkingService.swift; sourceTree = "<group>"; };
		60BA70362C19A16B0040CEE5 /* WeatherAppViewModel.swift */ = {isa = PBXFileReference; lastKnownFileType = sourcecode.swift; path = WeatherAppViewModel.swift; sourceTree = "<group>"; };
		60BA70392C19A42A0040CEE5 /* TimeFormat.swift */ = {isa = PBXFileReference; lastKnownFileType = sourcecode.swift; path = TimeFormat.swift; sourceTree = "<group>"; };
		A9BDE4402C18CFF7009615D6 /* WeatherApp.app */ = {isa = PBXFileReference; explicitFileType = wrapper.application; includeInIndex = 0; path = WeatherApp.app; sourceTree = BUILT_PRODUCTS_DIR; };
		A9BDE4432C18CFF7009615D6 /* WeatherAppApp.swift */ = {isa = PBXFileReference; lastKnownFileType = sourcecode.swift; path = WeatherAppApp.swift; sourceTree = "<group>"; };
		A9BDE4452C18CFF7009615D6 /* ContentView.swift */ = {isa = PBXFileReference; lastKnownFileType = sourcecode.swift; path = ContentView.swift; sourceTree = "<group>"; };
		A9BDE4472C18CFFA009615D6 /* Assets.xcassets */ = {isa = PBXFileReference; lastKnownFileType = folder.assetcatalog; path = Assets.xcassets; sourceTree = "<group>"; };
		A9BDE44A2C18CFFA009615D6 /* Preview Assets.xcassets */ = {isa = PBXFileReference; lastKnownFileType = folder.assetcatalog; path = "Preview Assets.xcassets"; sourceTree = "<group>"; };
		A9BDE4542C18D0AF009615D6 /* PrecipitationsView.swift */ = {isa = PBXFileReference; lastKnownFileType = sourcecode.swift; path = PrecipitationsView.swift; sourceTree = "<group>"; };
		A9BDE4562C18D14F009615D6 /* TodayView.swift */ = {isa = PBXFileReference; lastKnownFileType = sourcecode.swift; path = TodayView.swift; sourceTree = "<group>"; };
		A9BDE4582C18D16C009615D6 /* WeekView.swift */ = {isa = PBXFileReference; lastKnownFileType = sourcecode.swift; path = WeekView.swift; sourceTree = "<group>"; };
		A9BDE45A2C18D1C9009615D6 /* SearchLocationView.swift */ = {isa = PBXFileReference; lastKnownFileType = sourcecode.swift; path = SearchLocationView.swift; sourceTree = "<group>"; };
		A9BDE45C2C18D215009615D6 /* MainViewModel.swift */ = {isa = PBXFileReference; lastKnownFileType = sourcecode.swift; path = MainViewModel.swift; sourceTree = "<group>"; };
		A9BDE4602C18D269009615D6 /* SearchLocationsViewModel.swift */ = {isa = PBXFileReference; lastKnownFileType = sourcecode.swift; path = SearchLocationsViewModel.swift; sourceTree = "<group>"; };
		A9BDE4622C18D284009615D6 /* Weather.swift */ = {isa = PBXFileReference; lastKnownFileType = sourcecode.swift; path = Weather.swift; sourceTree = "<group>"; };
		A9BDE4642C18D2B4009615D6 /* LocationCard.swift */ = {isa = PBXFileReference; lastKnownFileType = sourcecode.swift; path = LocationCard.swift; sourceTree = "<group>"; };
		A9BDE4662C18D2D9009615D6 /* LocationPickerView.swift */ = {isa = PBXFileReference; lastKnownFileType = sourcecode.swift; path = LocationPickerView.swift; sourceTree = "<group>"; };
		A9BDE4692C18D83F009615D6 /* SearchLocation.swift */ = {isa = PBXFileReference; lastKnownFileType = sourcecode.swift; path = SearchLocation.swift; sourceTree = "<group>"; };
		A9BDE46C2C18DCFE009615D6 /* SunnyBackground.swift */ = {isa = PBXFileReference; lastKnownFileType = sourcecode.swift; path = SunnyBackground.swift; sourceTree = "<group>"; };
		A9BDE46E2C18DD0B009615D6 /* CloudyBackground.swift */ = {isa = PBXFileReference; lastKnownFileType = sourcecode.swift; path = CloudyBackground.swift; sourceTree = "<group>"; };
		A9BDE4702C18DD2B009615D6 /* RainyBackground.swift */ = {isa = PBXFileReference; lastKnownFileType = sourcecode.swift; path = RainyBackground.swift; sourceTree = "<group>"; };
		A9BDE4722C18DD39009615D6 /* SnowyBackground.swift */ = {isa = PBXFileReference; lastKnownFileType = sourcecode.swift; path = SnowyBackground.swift; sourceTree = "<group>"; };
/* End PBXFileReference section */

/* Begin PBXFrameworksBuildPhase section */
		A9BDE43D2C18CFF7009615D6 /* Frameworks */ = {
			isa = PBXFrameworksBuildPhase;
			buildActionMask = 2147483647;
			files = (
			);
			runOnlyForDeploymentPostprocessing = 0;
		};
/* End PBXFrameworksBuildPhase section */

/* Begin PBXGroup section */
		60BA70332C199DC60040CEE5 /* NetworkingService */ = {
			isa = PBXGroup;
			children = (
				60BA70342C199DE40040CEE5 /* NetworkingService.swift */,
			);
			path = NetworkingService;
			sourceTree = "<group>";
		};
		60BA70382C19A16F0040CEE5 /* ViewModel */ = {
			isa = PBXGroup;
			children = (
				60BA70362C19A16B0040CEE5 /* WeatherAppViewModel.swift */,
			);
			path = ViewModel;
			sourceTree = "<group>";
		};
		A9BDE4372C18CFF7009615D6 = {
			isa = PBXGroup;
			children = (
				A9BDE4422C18CFF7009615D6 /* WeatherApp */,
				A9BDE4412C18CFF7009615D6 /* Products */,
			);
			sourceTree = "<group>";
		};
		A9BDE4412C18CFF7009615D6 /* Products */ = {
			isa = PBXGroup;
			children = (
				A9BDE4402C18CFF7009615D6 /* WeatherApp.app */,
			);
			name = Products;
			sourceTree = "<group>";
		};
		A9BDE4422C18CFF7009615D6 /* WeatherApp */ = {
			isa = PBXGroup;
			children = (
				A9BDE45E2C18D226009615D6 /* App */,
				A9BDE4512C18D035009615D6 /* Model */,
				60BA70332C199DC60040CEE5 /* NetworkingService */,
				60BA70382C19A16F0040CEE5 /* ViewModel */,
				A9BDE4522C18D044009615D6 /* WeatherDashboard */,
				A9BDE4532C18D056009615D6 /* SearchLocation */,
				A9BDE45F2C18D238009615D6 /* Resources */,
				A9BDE4492C18CFFA009615D6 /* Preview Content */,
			);
			path = WeatherApp;
			sourceTree = "<group>";
		};
		A9BDE4492C18CFFA009615D6 /* Preview Content */ = {
			isa = PBXGroup;
			children = (
				A9BDE44A2C18CFFA009615D6 /* Preview Assets.xcassets */,
			);
			path = "Preview Content";
			sourceTree = "<group>";
		};
		A9BDE4512C18D035009615D6 /* Model */ = {
			isa = PBXGroup;
			children = (
				A9BDE4622C18D284009615D6 /* Weather.swift */,
				A9BDE4692C18D83F009615D6 /* SearchLocation.swift */,
				60BA70392C19A42A0040CEE5 /* TimeFormat.swift */,
			);
			path = Model;
			sourceTree = "<group>";
		};
		A9BDE4522C18D044009615D6 /* WeatherDashboard */ = {
			isa = PBXGroup;
			children = (
				A9BDE4452C18CFF7009615D6 /* ContentView.swift */,
				A9BDE4542C18D0AF009615D6 /* PrecipitationsView.swift */,
				A9BDE4562C18D14F009615D6 /* TodayView.swift */,
				A9BDE4582C18D16C009615D6 /* WeekView.swift */,
				A9BDE45C2C18D215009615D6 /* MainViewModel.swift */,
				A9BDE4662C18D2D9009615D6 /* LocationPickerView.swift */,
				A9BDE46B2C18DCEC009615D6 /* Backgrounds */,
			);
			path = WeatherDashboard;
			sourceTree = "<group>";
		};
		A9BDE4532C18D056009615D6 /* SearchLocation */ = {
			isa = PBXGroup;
			children = (
				A9BDE45A2C18D1C9009615D6 /* SearchLocationView.swift */,
				A9BDE4602C18D269009615D6 /* SearchLocationsViewModel.swift */,
				A9BDE4642C18D2B4009615D6 /* LocationCard.swift */,
			);
			path = SearchLocation;
			sourceTree = "<group>";
		};
		A9BDE45E2C18D226009615D6 /* App */ = {
			isa = PBXGroup;
			children = (
				A9BDE4432C18CFF7009615D6 /* WeatherAppApp.swift */,
			);
			path = App;
			sourceTree = "<group>";
		};
		A9BDE45F2C18D238009615D6 /* Resources */ = {
			isa = PBXGroup;
			children = (
				A9BDE4472C18CFFA009615D6 /* Assets.xcassets */,
			);
			path = Resources;
			sourceTree = "<group>";
		};
		A9BDE46B2C18DCEC009615D6 /* Backgrounds */ = {
			isa = PBXGroup;
			children = (
				A9BDE46C2C18DCFE009615D6 /* SunnyBackground.swift */,
				A9BDE46E2C18DD0B009615D6 /* CloudyBackground.swift */,
				A9BDE4702C18DD2B009615D6 /* RainyBackground.swift */,
				A9BDE4722C18DD39009615D6 /* SnowyBackground.swift */,
			);
			path = Backgrounds;
			sourceTree = "<group>";
		};
/* End PBXGroup section */

/* Begin PBXNativeTarget section */
		A9BDE43F2C18CFF7009615D6 /* WeatherApp */ = {
			isa = PBXNativeTarget;
			buildConfigurationList = A9BDE44E2C18CFFA009615D6 /* Build configuration list for PBXNativeTarget "WeatherApp" */;
			buildPhases = (
				A9BDE43C2C18CFF7009615D6 /* Sources */,
				A9BDE43D2C18CFF7009615D6 /* Frameworks */,
				A9BDE43E2C18CFF7009615D6 /* Resources */,
			);
			buildRules = (
			);
			dependencies = (
			);
			name = WeatherApp;
			productName = WeatherApp;
			productReference = A9BDE4402C18CFF7009615D6 /* WeatherApp.app */;
			productType = "com.apple.product-type.application";
		};
/* End PBXNativeTarget section */

/* Begin PBXProject section */
		A9BDE4382C18CFF7009615D6 /* Project object */ = {
			isa = PBXProject;
			attributes = {
				BuildIndependentTargetsInParallel = 1;
				LastSwiftUpdateCheck = 1530;
				LastUpgradeCheck = 1530;
				TargetAttributes = {
					A9BDE43F2C18CFF7009615D6 = {
						CreatedOnToolsVersion = 15.3;
					};
				};
			};
			buildConfigurationList = A9BDE43B2C18CFF7009615D6 /* Build configuration list for PBXProject "WeatherApp" */;
			compatibilityVersion = "Xcode 14.0";
			developmentRegion = en;
			hasScannedForEncodings = 0;
			knownRegions = (
				en,
				Base,
			);
			mainGroup = A9BDE4372C18CFF7009615D6;
			productRefGroup = A9BDE4412C18CFF7009615D6 /* Products */;
			projectDirPath = "";
			projectRoot = "";
			targets = (
				A9BDE43F2C18CFF7009615D6 /* WeatherApp */,
			);
		};
/* End PBXProject section */

/* Begin PBXResourcesBuildPhase section */
		A9BDE43E2C18CFF7009615D6 /* Resources */ = {
			isa = PBXResourcesBuildPhase;
			buildActionMask = 2147483647;
			files = (
				A9BDE44B2C18CFFA009615D6 /* Preview Assets.xcassets in Resources */,
				A9BDE4482C18CFFA009615D6 /* Assets.xcassets in Resources */,
			);
			runOnlyForDeploymentPostprocessing = 0;
		};
/* End PBXResourcesBuildPhase section */

/* Begin PBXSourcesBuildPhase section */
		A9BDE43C2C18CFF7009615D6 /* Sources */ = {
			isa = PBXSourcesBuildPhase;
			buildActionMask = 2147483647;
			files = (
				A9BDE4732C18DD39009615D6 /* SnowyBackground.swift in Sources */,
				A9BDE45D2C18D215009615D6 /* MainViewModel.swift in Sources */,
				A9BDE4462C18CFF7009615D6 /* ContentView.swift in Sources */,
				60BA70372C19A16B0040CEE5 /* WeatherAppViewModel.swift in Sources */,
				A9BDE46D2C18DCFE009615D6 /* SunnyBackground.swift in Sources */,
				60BA703A2C19A42A0040CEE5 /* TimeFormat.swift in Sources */,
				A9BDE4592C18D16C009615D6 /* WeekView.swift in Sources */,
				A9BDE4442C18CFF7009615D6 /* WeatherAppApp.swift in Sources */,
				A9BDE4632C18D284009615D6 /* Weather.swift in Sources */,
				A9BDE4712C18DD2B009615D6 /* RainyBackground.swift in Sources */,
				A9BDE4572C18D14F009615D6 /* TodayView.swift in Sources */,
				A9BDE4552C18D0AF009615D6 /* PrecipitationsView.swift in Sources */,
				A9BDE45B2C18D1C9009615D6 /* SearchLocationView.swift in Sources */,
				60BA70352C199DE40040CEE5 /* NetworkingService.swift in Sources */,
				A9BDE4652C18D2B4009615D6 /* LocationCard.swift in Sources */,
				A9BDE4612C18D269009615D6 /* SearchLocationsViewModel.swift in Sources */,
				A9BDE46F2C18DD0B009615D6 /* CloudyBackground.swift in Sources */,
				A9BDE46A2C18D83F009615D6 /* SearchLocation.swift in Sources */,
				A9BDE4672C18D2D9009615D6 /* LocationPickerView.swift in Sources */,
			);
			runOnlyForDeploymentPostprocessing = 0;
		};
/* End PBXSourcesBuildPhase section */

/* Begin XCBuildConfiguration section */
		A9BDE44C2C18CFFA009615D6 /* Debug */ = {
			isa = XCBuildConfiguration;
			buildSettings = {
				ALWAYS_SEARCH_USER_PATHS = NO;
				ASSETCATALOG_COMPILER_GENERATE_SWIFT_ASSET_SYMBOL_EXTENSIONS = YES;
				CLANG_ANALYZER_NONNULL = YES;
				CLANG_ANALYZER_NUMBER_OBJECT_CONVERSION = YES_AGGRESSIVE;
				CLANG_CXX_LANGUAGE_STANDARD = "gnu++20";
				CLANG_ENABLE_MODULES = YES;
				CLANG_ENABLE_OBJC_ARC = YES;
				CLANG_ENABLE_OBJC_WEAK = YES;
				CLANG_WARN_BLOCK_CAPTURE_AUTORELEASING = YES;
				CLANG_WARN_BOOL_CONVERSION = YES;
				CLANG_WARN_COMMA = YES;
				CLANG_WARN_CONSTANT_CONVERSION = YES;
				CLANG_WARN_DEPRECATED_OBJC_IMPLEMENTATIONS = YES;
				CLANG_WARN_DIRECT_OBJC_ISA_USAGE = YES_ERROR;
				CLANG_WARN_DOCUMENTATION_COMMENTS = YES;
				CLANG_WARN_EMPTY_BODY = YES;
				CLANG_WARN_ENUM_CONVERSION = YES;
				CLANG_WARN_INFINITE_RECURSION = YES;
				CLANG_WARN_INT_CONVERSION = YES;
				CLANG_WARN_NON_LITERAL_NULL_CONVERSION = YES;
				CLANG_WARN_OBJC_IMPLICIT_RETAIN_SELF = YES;
				CLANG_WARN_OBJC_LITERAL_CONVERSION = YES;
				CLANG_WARN_OBJC_ROOT_CLASS = YES_ERROR;
				CLANG_WARN_QUOTED_INCLUDE_IN_FRAMEWORK_HEADER = YES;
				CLANG_WARN_RANGE_LOOP_ANALYSIS = YES;
				CLANG_WARN_STRICT_PROTOTYPES = YES;
				CLANG_WARN_SUSPICIOUS_MOVE = YES;
				CLANG_WARN_UNGUARDED_AVAILABILITY = YES_AGGRESSIVE;
				CLANG_WARN_UNREACHABLE_CODE = YES;
				CLANG_WARN__DUPLICATE_METHOD_MATCH = YES;
				COPY_PHASE_STRIP = NO;
				DEBUG_INFORMATION_FORMAT = dwarf;
				ENABLE_STRICT_OBJC_MSGSEND = YES;
				ENABLE_TESTABILITY = YES;
				ENABLE_USER_SCRIPT_SANDBOXING = YES;
				GCC_C_LANGUAGE_STANDARD = gnu17;
				GCC_DYNAMIC_NO_PIC = NO;
				GCC_NO_COMMON_BLOCKS = YES;
				GCC_OPTIMIZATION_LEVEL = 0;
				GCC_PREPROCESSOR_DEFINITIONS = (
					"DEBUG=1",
					"$(inherited)",
				);
				GCC_WARN_64_TO_32_BIT_CONVERSION = YES;
				GCC_WARN_ABOUT_RETURN_TYPE = YES_ERROR;
				GCC_WARN_UNDECLARED_SELECTOR = YES;
				GCC_WARN_UNINITIALIZED_AUTOS = YES_AGGRESSIVE;
				GCC_WARN_UNUSED_FUNCTION = YES;
				GCC_WARN_UNUSED_VARIABLE = YES;
				IPHONEOS_DEPLOYMENT_TARGET = 17.4;
				LOCALIZATION_PREFERS_STRING_CATALOGS = YES;
				MTL_ENABLE_DEBUG_INFO = INCLUDE_SOURCE;
				MTL_FAST_MATH = YES;
				ONLY_ACTIVE_ARCH = YES;
				SDKROOT = iphoneos;
				SWIFT_ACTIVE_COMPILATION_CONDITIONS = "DEBUG $(inherited)";
				SWIFT_OPTIMIZATION_LEVEL = "-Onone";
			};
			name = Debug;
		};
		A9BDE44D2C18CFFA009615D6 /* Release */ = {
			isa = XCBuildConfiguration;
			buildSettings = {
				ALWAYS_SEARCH_USER_PATHS = NO;
				ASSETCATALOG_COMPILER_GENERATE_SWIFT_ASSET_SYMBOL_EXTENSIONS = YES;
				CLANG_ANALYZER_NONNULL = YES;
				CLANG_ANALYZER_NUMBER_OBJECT_CONVERSION = YES_AGGRESSIVE;
				CLANG_CXX_LANGUAGE_STANDARD = "gnu++20";
				CLANG_ENABLE_MODULES = YES;
				CLANG_ENABLE_OBJC_ARC = YES;
				CLANG_ENABLE_OBJC_WEAK = YES;
				CLANG_WARN_BLOCK_CAPTURE_AUTORELEASING = YES;
				CLANG_WARN_BOOL_CONVERSION = YES;
				CLANG_WARN_COMMA = YES;
				CLANG_WARN_CONSTANT_CONVERSION = YES;
				CLANG_WARN_DEPRECATED_OBJC_IMPLEMENTATIONS = YES;
				CLANG_WARN_DIRECT_OBJC_ISA_USAGE = YES_ERROR;
				CLANG_WARN_DOCUMENTATION_COMMENTS = YES;
				CLANG_WARN_EMPTY_BODY = YES;
				CLANG_WARN_ENUM_CONVERSION = YES;
				CLANG_WARN_INFINITE_RECURSION = YES;
				CLANG_WARN_INT_CONVERSION = YES;
				CLANG_WARN_NON_LITERAL_NULL_CONVERSION = YES;
				CLANG_WARN_OBJC_IMPLICIT_RETAIN_SELF = YES;
				CLANG_WARN_OBJC_LITERAL_CONVERSION = YES;
				CLANG_WARN_OBJC_ROOT_CLASS = YES_ERROR;
				CLANG_WARN_QUOTED_INCLUDE_IN_FRAMEWORK_HEADER = YES;
				CLANG_WARN_RANGE_LOOP_ANALYSIS = YES;
				CLANG_WARN_STRICT_PROTOTYPES = YES;
				CLANG_WARN_SUSPICIOUS_MOVE = YES;
				CLANG_WARN_UNGUARDED_AVAILABILITY = YES_AGGRESSIVE;
				CLANG_WARN_UNREACHABLE_CODE = YES;
				CLANG_WARN__DUPLICATE_METHOD_MATCH = YES;
				COPY_PHASE_STRIP = NO;
				DEBUG_INFORMATION_FORMAT = "dwarf-with-dsym";
				ENABLE_NS_ASSERTIONS = NO;
				ENABLE_STRICT_OBJC_MSGSEND = YES;
				ENABLE_USER_SCRIPT_SANDBOXING = YES;
				GCC_C_LANGUAGE_STANDARD = gnu17;
				GCC_NO_COMMON_BLOCKS = YES;
				GCC_WARN_64_TO_32_BIT_CONVERSION = YES;
				GCC_WARN_ABOUT_RETURN_TYPE = YES_ERROR;
				GCC_WARN_UNDECLARED_SELECTOR = YES;
				GCC_WARN_UNINITIALIZED_AUTOS = YES_AGGRESSIVE;
				GCC_WARN_UNUSED_FUNCTION = YES;
				GCC_WARN_UNUSED_VARIABLE = YES;
				IPHONEOS_DEPLOYMENT_TARGET = 17.4;
				LOCALIZATION_PREFERS_STRING_CATALOGS = YES;
				MTL_ENABLE_DEBUG_INFO = NO;
				MTL_FAST_MATH = YES;
				SDKROOT = iphoneos;
				SWIFT_COMPILATION_MODE = wholemodule;
				VALIDATE_PRODUCT = YES;
			};
			name = Release;
		};
		A9BDE44F2C18CFFA009615D6 /* Debug */ = {
			isa = XCBuildConfiguration;
			buildSettings = {
				ASSETCATALOG_COMPILER_APPICON_NAME = AppIcon;
				ASSETCATALOG_COMPILER_GLOBAL_ACCENT_COLOR_NAME = AccentColor;
				CODE_SIGN_STYLE = Automatic;
				CURRENT_PROJECT_VERSION = 1;
				DEVELOPMENT_ASSET_PATHS = "\"WeatherApp/Preview Content\"";
				ENABLE_PREVIEWS = YES;
				GENERATE_INFOPLIST_FILE = YES;
				INFOPLIST_KEY_UIApplicationSceneManifest_Generation = YES;
				INFOPLIST_KEY_UIApplicationSupportsIndirectInputEvents = YES;
				INFOPLIST_KEY_UILaunchScreen_Generation = YES;
				INFOPLIST_KEY_UISupportedInterfaceOrientations_iPad = "UIInterfaceOrientationPortrait UIInterfaceOrientationPortraitUpsideDown UIInterfaceOrientationLandscapeLeft UIInterfaceOrientationLandscapeRight";
				INFOPLIST_KEY_UISupportedInterfaceOrientations_iPhone = "UIInterfaceOrientationPortrait UIInterfaceOrientationLandscapeLeft UIInterfaceOrientationLandscapeRight";
				LD_RUNPATH_SEARCH_PATHS = (
					"$(inherited)",
					"@executable_path/Frameworks",
				);
				MARKETING_VERSION = 1.0;
				PRODUCT_BUNDLE_IDENTIFIER = t.WeatherApp;
				PRODUCT_NAME = "$(TARGET_NAME)";
				SWIFT_EMIT_LOC_STRINGS = YES;
				SWIFT_VERSION = 5.0;
				TARGETED_DEVICE_FAMILY = "1,2";
			};
			name = Debug;
		};
		A9BDE4502C18CFFA009615D6 /* Release */ = {
			isa = XCBuildConfiguration;
			buildSettings = {
				ASSETCATALOG_COMPILER_APPICON_NAME = AppIcon;
				ASSETCATALOG_COMPILER_GLOBAL_ACCENT_COLOR_NAME = AccentColor;
				CODE_SIGN_STYLE = Automatic;
				CURRENT_PROJECT_VERSION = 1;
				DEVELOPMENT_ASSET_PATHS = "\"WeatherApp/Preview Content\"";
				ENABLE_PREVIEWS = YES;
				GENERATE_INFOPLIST_FILE = YES;
				INFOPLIST_KEY_UIApplicationSceneManifest_Generation = YES;
				INFOPLIST_KEY_UIApplicationSupportsIndirectInputEvents = YES;
				INFOPLIST_KEY_UILaunchScreen_Generation = YES;
				INFOPLIST_KEY_UISupportedInterfaceOrientations_iPad = "UIInterfaceOrientationPortrait UIInterfaceOrientationPortraitUpsideDown UIInterfaceOrientationLandscapeLeft UIInterfaceOrientationLandscapeRight";
				INFOPLIST_KEY_UISupportedInterfaceOrientations_iPhone = "UIInterfaceOrientationPortrait UIInterfaceOrientationLandscapeLeft UIInterfaceOrientationLandscapeRight";
				LD_RUNPATH_SEARCH_PATHS = (
					"$(inherited)",
					"@executable_path/Frameworks",
				);
				MARKETING_VERSION = 1.0;
				PRODUCT_BUNDLE_IDENTIFIER = t.WeatherApp;
				PRODUCT_NAME = "$(TARGET_NAME)";
				SWIFT_EMIT_LOC_STRINGS = YES;
				SWIFT_VERSION = 5.0;
				TARGETED_DEVICE_FAMILY = "1,2";
			};
			name = Release;
		};
/* End XCBuildConfiguration section */

/* Begin XCConfigurationList section */
		A9BDE43B2C18CFF7009615D6 /* Build configuration list for PBXProject "WeatherApp" */ = {
			isa = XCConfigurationList;
			buildConfigurations = (
				A9BDE44C2C18CFFA009615D6 /* Debug */,
				A9BDE44D2C18CFFA009615D6 /* Release */,
			);
			defaultConfigurationIsVisible = 0;
			defaultConfigurationName = Release;
		};
		A9BDE44E2C18CFFA009615D6 /* Build configuration list for PBXNativeTarget "WeatherApp" */ = {
			isa = XCConfigurationList;
			buildConfigurations = (
				A9BDE44F2C18CFFA009615D6 /* Debug */,
				A9BDE4502C18CFFA009615D6 /* Release */,
			);
			defaultConfigurationIsVisible = 0;
			defaultConfigurationName = Release;
		};
/* End XCConfigurationList section */
	};
	rootObject = A9BDE4382C18CFF7009615D6 /* Project object */;
}
